
# This file is generated by running "oce-build" inside your project.
# Manual changes might be lost - proceed with caution!

OpenCorePkg:
  version: 0.9.3
  url: https://github.com/dortania/build-repo/releases/download/OpenCorePkg-a33b5b3/OpenCore-0.9.3-DEBUG.zip
  resolution: '@acidanthera/OpenCorePkg@github:0.9.3#a33b5b3'
  checksum: 2b49be97a00632cf3d0ef2e76c2f583d3d5c835f8074b5e44853f9ecb6fc84bb
  extract: ./X64/EFI/.
  type: directory
  dependencies:
    OcBinaryData:
      resolution: '@acidanthera/OcBinaryData@github:#c2a98980'
      url: https://github.com/acidanthera/OcBinaryData/
      extract:
        - ./Drivers/.
        - ./Resources/.
      type: binary
Lilu:
  version: 1.6.6
  url: https://github.com/dortania/build-repo/releases/download/Lilu-f2addba/Lilu-1.6.6-DEBUG.zip
  resolution: '@acidanthera/Lilu@github:1.6.6#f2addba'
  checksum: b21416c5d5f1fce305dbc35f2c91182396bd0dde171611f5119fcacb91e8c013
  extract: ./Lilu.kext
  type: kext
WhateverGreen:
  version: 1.6.5
  url: https://github.com/dortania/build-repo/releases/download/WhateverGreen-5ee88cd/WhateverGreen-1.6.5-DEBUG.zip
  resolution: '@acidanthera/WhateverGreen@github:1.6.5#5ee88cd'
  checksum: 9cb49875fbd3679b8d266458f506647ec4918d18c036145d2fbb83e0e2eab804
  extract: ./WhateverGreen.kext
  type: kext
AppleALC:
  version: 1.8.3
  url: https://github.com/dortania/build-repo/releases/download/AppleALC-5329ac7/AppleALC-1.8.3-DEBUG.zip
  resolution: '@acidanthera/AppleALC@github:1.8.3#5329ac7'
  checksum: 6cff0c0b448cf0f1a801b5614c13703d443e448ef23868f31ca0616e5e67f04b
  extract: ./AppleALC.kext
  type: kext
VirtualSMC:
  version: 1.3.2
  url: https://github.com/dortania/build-repo/releases/download/VirtualSMC-28c7d1d/VirtualSMC-1.3.2-DEBUG.zip
  resolution: '@acidanthera/VirtualSMC@github:1.3.2#28c7d1d'
  checksum: 5319975b6f2c4548c0e546e0271ec9a00f474029bf8e411adda0f235b3c06e01
  extract: ./Kexts/VirtualSMC.kext
  type: kext
